
Microsoft Visual Studio Solution File, Format Version 12.00
# Visual Studio Version 17
VisualStudioVersion = 17.3.32901.215
MinimumVisualStudioVersion = 10.0.40219.1
Project("{FAE04EC0-301F-11D3-BF4B-00C04F79EFBC}") = "WindowsFormsApp18", "WindowsFormsApp18\WindowsFormsApp18.csproj", "{D2699CFE-93C7-45A7-BEFC-9BC1E2241813}"
EndProject
Global
	GlobalSection(SolutionConfigurationPlatforms) = preSolution
		Debug|Any CPU = Debug|Any CPU
		Release|Any CPU = Release|Any CPU
	EndGlobalSection
	GlobalSection(ProjectConfigurationPlatforms) = postSolution
		{D2699CFE-93C7-45A7-BEFC-9BC1E2241813}.Debug|Any CPU.ActiveCfg = Debug|Any CPU
		{D2699CFE-93C7-45A7-BEFC-9BC1E2241813}.Debug|Any CPU.Build.0 = Debug|Any CPU
		{D2699CFE-93C7-45A7-BEFC-9BC1E2241813}.Release|Any CPU.ActiveCfg = Release|Any CPU
		{D2699CFE-93C7-45A7-BEFC-9BC1E2241813}.Release|Any CPU.Build.0 = Release|Any CPU
	EndGlobalSection
	GlobalSection(SolutionProperties) = preSolution
		HideSolutionNode = FALSE
	EndGlobalSection
	GlobalSection(ExtensibilityGlobals) = postSolution
		SolutionGuid = {DC33DF1B-5F9C-40D7-9609-6594AFE52641}
	EndGlobalSection
EndGlobal
